
Microsoft Visual Studio Solution File, Format Version 12.00
# Visual Studio 2015
Project("{FAE04EC0-301F-11D3-BF4B-00C04F79EFBC}") = "Roll Ball.CSharp", "Roll Ball.CSharp.csproj", "{B1E655B2-62D0-5A07-1EEA-DA81A51D16ED}"
EndProject
Global
	GlobalSection(SolutionConfigurationPlatforms) = preSolution
		Debug|Any CPU = Debug|Any CPU
		Release|Any CPU = Release|Any CPU
	EndGlobalSection
	GlobalSection(ProjectConfigurationPlatforms) = postSolution
		{B1E655B2-62D0-5A07-1EEA-DA81A51D16ED}.Debug|Any CPU.ActiveCfg = Debug|Any CPU
		{B1E655B2-62D0-5A07-1EEA-DA81A51D16ED}.Debug|Any CPU.Build.0 = Debug|Any CPU
		{B1E655B2-62D0-5A07-1EEA-DA81A51D16ED}.Release|Any CPU.ActiveCfg = Release|Any CPU
		{B1E655B2-62D0-5A07-1EEA-DA81A51D16ED}.Release|Any CPU.Build.0 = Release|Any CPU
	EndGlobalSection
	GlobalSection(SolutionProperties) = preSolution
		HideSolutionNode = FALSE
	EndGlobalSection
EndGlobal
